// !$*UTF8*$!
{
	archiveVersion = 1;
	classes = {
	};
	objectVersion = 46;
	objects = {

/* Begin PBXBuildFile section */
		2741ABFC1CA438110006D035 /* CustomFoodCell.xib in Resources */ = {isa = PBXBuildFile; fileRef = 2741ABFB1CA438110006D035 /* CustomFoodCell.xib */; };
		2741ABFF1CA439C20006D035 /* FoodsCell.m in Sources */ = {isa = PBXBuildFile; fileRef = 2741ABFE1CA439C20006D035 /* FoodsCell.m */; };
		2760BA7E1CA34B470022B05E /* FoodTableViewController.m in Sources */ = {isa = PBXBuildFile; fileRef = 2760BA7D1CA34B470022B05E /* FoodTableViewController.m */; };
		2760BA811CA34F430022B05E /* NutritionViewController.m in Sources */ = {isa = PBXBuildFile; fileRef = 2760BA801CA34F430022B05E /* NutritionViewController.m */; };
		84886E601C80D7B3002C1683 /* DateTest.m in Sources */ = {isa = PBXBuildFile; fileRef = 84886E5F1C80D7B3002C1683 /* DateTest.m */; };
		84886E621C80D7D6002C1683 /* UserTest.m in Sources */ = {isa = PBXBuildFile; fileRef = 84886E611C80D7D6002C1683 /* UserTest.m */; };
		84E6D7E11C9F5C8D00C9DC09 /* DiningTableViewController.m in Sources */ = {isa = PBXBuildFile; fileRef = 84E6D7E01C9F5C8D00C9DC09 /* DiningTableViewController.m */; };
		E4E85C5BDB83F947AE49C8AC /* libPods-CalorieTracker.a in Frameworks */ = {isa = PBXBuildFile; fileRef = 9C59E28CF4E2D5542621A38D /* libPods-CalorieTracker.a */; };
		F652C45C1C7E240D003980C4 /* User+CoreDataProperties.m in Sources */ = {isa = PBXBuildFile; fileRef = F652C4591C7E240D003980C4 /* User+CoreDataProperties.m */; };
		F652C45D1C7E240D003980C4 /* User.m in Sources */ = {isa = PBXBuildFile; fileRef = F652C45B1C7E240D003980C4 /* User.m */; };
		F652C4621C7E2439003980C4 /* Dish+CoreDataProperties.m in Sources */ = {isa = PBXBuildFile; fileRef = F652C45F1C7E2439003980C4 /* Dish+CoreDataProperties.m */; };
		F652C4631C7E2439003980C4 /* Dish.m in Sources */ = {isa = PBXBuildFile; fileRef = F652C4611C7E2439003980C4 /* Dish.m */; };
		F652C4681C7E2481003980C4 /* Date+CoreDataProperties.m in Sources */ = {isa = PBXBuildFile; fileRef = F652C4651C7E2481003980C4 /* Date+CoreDataProperties.m */; };
		F652C4691C7E2481003980C4 /* Date.m in Sources */ = {isa = PBXBuildFile; fileRef = F652C4671C7E2481003980C4 /* Date.m */; };
		F652C46C1C7E28F7003980C4 /* DishTest.m in Sources */ = {isa = PBXBuildFile; fileRef = F652C46B1C7E28F7003980C4 /* DishTest.m */; };
		F652C46E1C7E2DE3003980C4 /* CoreData.framework in Frameworks */ = {isa = PBXBuildFile; fileRef = F652C46D1C7E2DE3003980C4 /* CoreData.framework */; };
		F6BFB86E1C651F720056C268 /* main.m in Sources */ = {isa = PBXBuildFile; fileRef = F6BFB86D1C651F720056C268 /* main.m */; };
		F6BFB8711C651F720056C268 /* AppDelegate.m in Sources */ = {isa = PBXBuildFile; fileRef = F6BFB8701C651F720056C268 /* AppDelegate.m */; };
		F6BFB8741C651F720056C268 /* ViewController.m in Sources */ = {isa = PBXBuildFile; fileRef = F6BFB8731C651F720056C268 /* ViewController.m */; };
		F6BFB8771C651F720056C268 /* Main.storyboard in Resources */ = {isa = PBXBuildFile; fileRef = F6BFB8751C651F720056C268 /* Main.storyboard */; };
		F6BFB87A1C651F720056C268 /* CalorieTracker.xcdatamodeld in Sources */ = {isa = PBXBuildFile; fileRef = F6BFB8781C651F720056C268 /* CalorieTracker.xcdatamodeld */; };
		F6BFB87C1C651F720056C268 /* Assets.xcassets in Resources */ = {isa = PBXBuildFile; fileRef = F6BFB87B1C651F720056C268 /* Assets.xcassets */; };
		F6BFB87F1C651F720056C268 /* LaunchScreen.storyboard in Resources */ = {isa = PBXBuildFile; fileRef = F6BFB87D1C651F720056C268 /* LaunchScreen.storyboard */; };
		F6BFB88A1C651F730056C268 /* CalorieTrackerTests.m in Sources */ = {isa = PBXBuildFile; fileRef = F6BFB8891C651F730056C268 /* CalorieTrackerTests.m */; };
		F6BFB8951C651F730056C268 /* CalorieTrackerUITests.m in Sources */ = {isa = PBXBuildFile; fileRef = F6BFB8941C651F730056C268 /* CalorieTrackerUITests.m */; };
/* End PBXBuildFile section */

/* Begin PBXContainerItemProxy section */
		F6BFB8861C651F730056C268 /* PBXContainerItemProxy */ = {
			isa = PBXContainerItemProxy;
			containerPortal = F6BFB8611C651F720056C268 /* Project object */;
			proxyType = 1;
			remoteGlobalIDString = F6BFB8681C651F720056C268;
			remoteInfo = CalorieTracker;
		};
		F6BFB8911C651F730056C268 /* PBXContainerItemProxy */ = {
			isa = PBXContainerItemProxy;
			containerPortal = F6BFB8611C651F720056C268 /* Project object */;
			proxyType = 1;
			remoteGlobalIDString = F6BFB8681C651F720056C268;
			remoteInfo = CalorieTracker;
		};
/* End PBXContainerItemProxy section */

/* Begin PBXFileReference section */
		2741ABFB1CA438110006D035 /* CustomFoodCell.xib */ = {isa = PBXFileReference; fileEncoding = 4; lastKnownFileType = file.xib; path = CustomFoodCell.xib; sourceTree = "<group>"; };
		2741ABFD1CA439C20006D035 /* FoodsCell.h */ = {isa = PBXFileReference; fileEncoding = 4; lastKnownFileType = sourcecode.c.h; path = FoodsCell.h; sourceTree = "<group>"; };
		2741ABFE1CA439C20006D035 /* FoodsCell.m */ = {isa = PBXFileReference; fileEncoding = 4; lastKnownFileType = sourcecode.c.objc; path = FoodsCell.m; sourceTree = "<group>"; };
		2760BA7C1CA34B470022B05E /* FoodTableViewController.h */ = {isa = PBXFileReference; fileEncoding = 4; lastKnownFileType = sourcecode.c.h; name = FoodTableViewController.h; path = ../FoodTableViewController.h; sourceTree = "<group>"; };
		2760BA7D1CA34B470022B05E /* FoodTableViewController.m */ = {isa = PBXFileReference; fileEncoding = 4; lastKnownFileType = sourcecode.c.objc; name = FoodTableViewController.m; path = ../FoodTableViewController.m; sourceTree = "<group>"; };
		2760BA7F1CA34F430022B05E /* NutritionViewController.h */ = {isa = PBXFileReference; fileEncoding = 4; lastKnownFileType = sourcecode.c.h; path = NutritionViewController.h; sourceTree = "<group>"; };
		2760BA801CA34F430022B05E /* NutritionViewController.m */ = {isa = PBXFileReference; fileEncoding = 4; lastKnownFileType = sourcecode.c.objc; path = NutritionViewController.m; sourceTree = "<group>"; };
		4310C0EE1C47F7C95922C411 /* Pods-CalorieTracker.release.xcconfig */ = {isa = PBXFileReference; includeInIndex = 1; lastKnownFileType = text.xcconfig; name = "Pods-CalorieTracker.release.xcconfig"; path = "Pods/Target Support Files/Pods-CalorieTracker/Pods-CalorieTracker.release.xcconfig"; sourceTree = "<group>"; };
		84886E5F1C80D7B3002C1683 /* DateTest.m */ = {isa = PBXFileReference; fileEncoding = 4; lastKnownFileType = sourcecode.c.objc; path = DateTest.m; sourceTree = "<group>"; };
		84886E611C80D7D6002C1683 /* UserTest.m */ = {isa = PBXFileReference; fileEncoding = 4; lastKnownFileType = sourcecode.c.objc; path = UserTest.m; sourceTree = "<group>"; };
		84E6D7DF1C9F5C8D00C9DC09 /* DiningTableViewController.h */ = {isa = PBXFileReference; fileEncoding = 4; lastKnownFileType = sourcecode.c.h; path = DiningTableViewController.h; sourceTree = "<group>"; };
		84E6D7E01C9F5C8D00C9DC09 /* DiningTableViewController.m */ = {isa = PBXFileReference; fileEncoding = 4; lastKnownFileType = sourcecode.c.objc; path = DiningTableViewController.m; sourceTree = "<group>"; };
		8D11EDB550C48A2D33855C77 /* Pods-CalorieTracker.debug.xcconfig */ = {isa = PBXFileReference; includeInIndex = 1; lastKnownFileType = text.xcconfig; name = "Pods-CalorieTracker.debug.xcconfig"; path = "Pods/Target Support Files/Pods-CalorieTracker/Pods-CalorieTracker.debug.xcconfig"; sourceTree = "<group>"; };
		9C59E28CF4E2D5542621A38D /* libPods-CalorieTracker.a */ = {isa = PBXFileReference; explicitFileType = archive.ar; includeInIndex = 0; path = "libPods-CalorieTracker.a"; sourceTree = BUILT_PRODUCTS_DIR; };
		F652C4581C7E240D003980C4 /* User+CoreDataProperties.h */ = {isa = PBXFileReference; fileEncoding = 4; lastKnownFileType = sourcecode.c.h; path = "User+CoreDataProperties.h"; sourceTree = "<group>"; };
		F652C4591C7E240D003980C4 /* User+CoreDataProperties.m */ = {isa = PBXFileReference; fileEncoding = 4; lastKnownFileType = sourcecode.c.objc; path = "User+CoreDataProperties.m"; sourceTree = "<group>"; };
		F652C45A1C7E240D003980C4 /* User.h */ = {isa = PBXFileReference; fileEncoding = 4; lastKnownFileType = sourcecode.c.h; path = User.h; sourceTree = "<group>"; };
		F652C45B1C7E240D003980C4 /* User.m */ = {isa = PBXFileReference; fileEncoding = 4; lastKnownFileType = sourcecode.c.objc; path = User.m; sourceTree = "<group>"; };
		F652C45E1C7E2439003980C4 /* Dish+CoreDataProperties.h */ = {isa = PBXFileReference; fileEncoding = 4; lastKnownFileType = sourcecode.c.h; path = "Dish+CoreDataProperties.h"; sourceTree = "<group>"; };
		F652C45F1C7E2439003980C4 /* Dish+CoreDataProperties.m */ = {isa = PBXFileReference; fileEncoding = 4; lastKnownFileType = sourcecode.c.objc; path = "Dish+CoreDataProperties.m"; sourceTree = "<group>"; };
		F652C4601C7E2439003980C4 /* Dish.h */ = {isa = PBXFileReference; fileEncoding = 4; lastKnownFileType = sourcecode.c.h; path = Dish.h; sourceTree = "<group>"; };
		F652C4611C7E2439003980C4 /* Dish.m */ = {isa = PBXFileReference; fileEncoding = 4; lastKnownFileType = sourcecode.c.objc; path = Dish.m; sourceTree = "<group>"; };
		F652C4641C7E2481003980C4 /* Date+CoreDataProperties.h */ = {isa = PBXFileReference; fileEncoding = 4; lastKnownFileType = sourcecode.c.h; path = "Date+CoreDataProperties.h"; sourceTree = "<group>"; };
		F652C4651C7E2481003980C4 /* Date+CoreDataProperties.m */ = {isa = PBXFileReference; fileEncoding = 4; lastKnownFileType = sourcecode.c.objc; path = "Date+CoreDataProperties.m"; sourceTree = "<group>"; };
		F652C4661C7E2481003980C4 /* Date.h */ = {isa = PBXFileReference; fileEncoding = 4; lastKnownFileType = sourcecode.c.h; path = Date.h; sourceTree = "<group>"; };
		F652C4671C7E2481003980C4 /* Date.m */ = {isa = PBXFileReference; fileEncoding = 4; lastKnownFileType = sourcecode.c.objc; path = Date.m; sourceTree = "<group>"; };
		F652C46B1C7E28F7003980C4 /* DishTest.m */ = {isa = PBXFileReference; fileEncoding = 4; lastKnownFileType = sourcecode.c.objc; path = DishTest.m; sourceTree = "<group>"; };
		F652C46D1C7E2DE3003980C4 /* CoreData.framework */ = {isa = PBXFileReference; lastKnownFileType = wrapper.framework; name = CoreData.framework; path = System/Library/Frameworks/CoreData.framework; sourceTree = SDKROOT; };
		F6BFB8691C651F720056C268 /* CalorieTracker.app */ = {isa = PBXFileReference; explicitFileType = wrapper.application; includeInIndex = 0; path = CalorieTracker.app; sourceTree = BUILT_PRODUCTS_DIR; };
		F6BFB86D1C651F720056C268 /* main.m */ = {isa = PBXFileReference; lastKnownFileType = sourcecode.c.objc; path = main.m; sourceTree = "<group>"; };
		F6BFB86F1C651F720056C268 /* AppDelegate.h */ = {isa = PBXFileReference; lastKnownFileType = sourcecode.c.h; path = AppDelegate.h; sourceTree = "<group>"; };
		F6BFB8701C651F720056C268 /* AppDelegate.m */ = {isa = PBXFileReference; lastKnownFileType = sourcecode.c.objc; path = AppDelegate.m; sourceTree = "<group>"; };
		F6BFB8721C651F720056C268 /* ViewController.h */ = {isa = PBXFileReference; lastKnownFileType = sourcecode.c.h; path = ViewController.h; sourceTree = "<group>"; };
		F6BFB8731C651F720056C268 /* ViewController.m */ = {isa = PBXFileReference; lastKnownFileType = sourcecode.c.objc; path = ViewController.m; sourceTree = "<group>"; };
		F6BFB8761C651F720056C268 /* Base */ = {isa = PBXFileReference; lastKnownFileType = file.storyboard; name = Base; path = Base.lproj/Main.storyboard; sourceTree = "<group>"; };
		F6BFB8791C651F720056C268 /* CalorieTracker.xcdatamodel */ = {isa = PBXFileReference; lastKnownFileType = wrapper.xcdatamodel; path = CalorieTracker.xcdatamodel; sourceTree = "<group>"; };
		F6BFB87B1C651F720056C268 /* Assets.xcassets */ = {isa = PBXFileReference; lastKnownFileType = folder.assetcatalog; path = Assets.xcassets; sourceTree = "<group>"; };
		F6BFB87E1C651F720056C268 /* Base */ = {isa = PBXFileReference; lastKnownFileType = file.storyboard; name = Base; path = Base.lproj/LaunchScreen.storyboard; sourceTree = "<group>"; };
		F6BFB8801C651F720056C268 /* Info.plist */ = {isa = PBXFileReference; lastKnownFileType = text.plist.xml; path = Info.plist; sourceTree = "<group>"; };
		F6BFB8851C651F730056C268 /* CalorieTrackerTests.xctest */ = {isa = PBXFileReference; explicitFileType = wrapper.cfbundle; includeInIndex = 0; path = CalorieTrackerTests.xctest; sourceTree = BUILT_PRODUCTS_DIR; };
		F6BFB8891C651F730056C268 /* CalorieTrackerTests.m */ = {isa = PBXFileReference; lastKnownFileType = sourcecode.c.objc; path = CalorieTrackerTests.m; sourceTree = "<group>"; };
		F6BFB88B1C651F730056C268 /* Info.plist */ = {isa = PBXFileReference; lastKnownFileType = text.plist.xml; path = Info.plist; sourceTree = "<group>"; };
		F6BFB8901C651F730056C268 /* CalorieTrackerUITests.xctest */ = {isa = PBXFileReference; explicitFileType = wrapper.cfbundle; includeInIndex = 0; path = CalorieTrackerUITests.xctest; sourceTree = BUILT_PRODUCTS_DIR; };
		F6BFB8941C651F730056C268 /* CalorieTrackerUITests.m */ = {isa = PBXFileReference; lastKnownFileType = sourcecode.c.objc; path = CalorieTrackerUITests.m; sourceTree = "<group>"; };
		F6BFB8961C651F730056C268 /* Info.plist */ = {isa = PBXFileReference; lastKnownFileType = text.plist.xml; path = Info.plist; sourceTree = "<group>"; };
/* End PBXFileReference section */

/* Begin PBXFrameworksBuildPhase section */
		F6BFB8661C651F720056C268 /* Frameworks */ = {
			isa = PBXFrameworksBuildPhase;
			buildActionMask = 2147483647;
			files = (
				F652C46E1C7E2DE3003980C4 /* CoreData.framework in Frameworks */,
				E4E85C5BDB83F947AE49C8AC /* libPods-CalorieTracker.a in Frameworks */,
			);
			runOnlyForDeploymentPostprocessing = 0;
		};
		F6BFB8821C651F730056C268 /* Frameworks */ = {
			isa = PBXFrameworksBuildPhase;
			buildActionMask = 2147483647;
			files = (
			);
			runOnlyForDeploymentPostprocessing = 0;
		};
		F6BFB88D1C651F730056C268 /* Frameworks */ = {
			isa = PBXFrameworksBuildPhase;
			buildActionMask = 2147483647;
			files = (
			);
			runOnlyForDeploymentPostprocessing = 0;
		};
/* End PBXFrameworksBuildPhase section */

/* Begin PBXGroup section */
		B4D6FDA26D849619564C8473 /* Pods */ = {
			isa = PBXGroup;
			children = (
				8D11EDB550C48A2D33855C77 /* Pods-CalorieTracker.debug.xcconfig */,
				4310C0EE1C47F7C95922C411 /* Pods-CalorieTracker.release.xcconfig */,
			);
			name = Pods;
			sourceTree = "<group>";
		};
		E147E0B0FD830A3A12C9F209 /* Frameworks */ = {
			isa = PBXGroup;
			children = (
				F652C46D1C7E2DE3003980C4 /* CoreData.framework */,
				9C59E28CF4E2D5542621A38D /* libPods-CalorieTracker.a */,
			);
			name = Frameworks;
			sourceTree = "<group>";
		};
		F652C46A1C7E2496003980C4 /* basic_objects */ = {
			isa = PBXGroup;
			children = (
				F652C4581C7E240D003980C4 /* User+CoreDataProperties.h */,
				F652C4591C7E240D003980C4 /* User+CoreDataProperties.m */,
				F652C45A1C7E240D003980C4 /* User.h */,
				F652C45B1C7E240D003980C4 /* User.m */,
				F652C45E1C7E2439003980C4 /* Dish+CoreDataProperties.h */,
				F652C45F1C7E2439003980C4 /* Dish+CoreDataProperties.m */,
				F652C4601C7E2439003980C4 /* Dish.h */,
				F652C4611C7E2439003980C4 /* Dish.m */,
				F652C4641C7E2481003980C4 /* Date+CoreDataProperties.h */,
				F652C4651C7E2481003980C4 /* Date+CoreDataProperties.m */,
				F652C4661C7E2481003980C4 /* Date.h */,
				F652C4671C7E2481003980C4 /* Date.m */,
			);
			name = basic_objects;
			sourceTree = "<group>";
		};
		F6BFB8601C651F720056C268 = {
			isa = PBXGroup;
			children = (
				F6BFB86B1C651F720056C268 /* CalorieTracker */,
				F6BFB8881C651F730056C268 /* CalorieTrackerTests */,
				F6BFB8931C651F730056C268 /* CalorieTrackerUITests */,
				F6BFB86A1C651F720056C268 /* Products */,
				B4D6FDA26D849619564C8473 /* Pods */,
				E147E0B0FD830A3A12C9F209 /* Frameworks */,
			);
			sourceTree = "<group>";
		};
		F6BFB86A1C651F720056C268 /* Products */ = {
			isa = PBXGroup;
			children = (
				F6BFB8691C651F720056C268 /* CalorieTracker.app */,
				F6BFB8851C651F730056C268 /* CalorieTrackerTests.xctest */,
				F6BFB8901C651F730056C268 /* CalorieTrackerUITests.xctest */,
			);
			name = Products;
			sourceTree = "<group>";
		};
		F6BFB86B1C651F720056C268 /* CalorieTracker */ = {
			isa = PBXGroup;
			children = (
				2760BA7C1CA34B470022B05E /* FoodTableViewController.h */,
				2760BA7D1CA34B470022B05E /* FoodTableViewController.m */,
				2741ABFB1CA438110006D035 /* CustomFoodCell.xib */,
				2741ABFD1CA439C20006D035 /* FoodsCell.h */,
				2741ABFE1CA439C20006D035 /* FoodsCell.m */,
				84E6D7DF1C9F5C8D00C9DC09 /* DiningTableViewController.h */,
				84E6D7E01C9F5C8D00C9DC09 /* DiningTableViewController.m */,
				2760BA7F1CA34F430022B05E /* NutritionViewController.h */,
				2760BA801CA34F430022B05E /* NutritionViewController.m */,
				F6BFB86F1C651F720056C268 /* AppDelegate.h */,
				F6BFB8701C651F720056C268 /* AppDelegate.m */,
				F6BFB8721C651F720056C268 /* ViewController.h */,
				F6BFB8731C651F720056C268 /* ViewController.m */,
				F6BFB8751C651F720056C268 /* Main.storyboard */,
				F6BFB87B1C651F720056C268 /* Assets.xcassets */,
				F6BFB87D1C651F720056C268 /* LaunchScreen.storyboard */,
				F6BFB8801C651F720056C268 /* Info.plist */,
				F6BFB8781C651F720056C268 /* CalorieTracker.xcdatamodeld */,
				F652C46A1C7E2496003980C4 /* basic_objects */,
				F6BFB86C1C651F720056C268 /* Supporting Files */,
			);
			path = CalorieTracker;
			sourceTree = "<group>";
		};
		F6BFB86C1C651F720056C268 /* Supporting Files */ = {
			isa = PBXGroup;
			children = (
				F6BFB86D1C651F720056C268 /* main.m */,
			);
			name = "Supporting Files";
			sourceTree = "<group>";
		};
		F6BFB8881C651F730056C268 /* CalorieTrackerTests */ = {
			isa = PBXGroup;
			children = (
				F6BFB8891C651F730056C268 /* CalorieTrackerTests.m */,
				F6BFB88B1C651F730056C268 /* Info.plist */,
				F652C46B1C7E28F7003980C4 /* DishTest.m */,
				84886E5F1C80D7B3002C1683 /* DateTest.m */,
				84886E611C80D7D6002C1683 /* UserTest.m */,
			);
			path = CalorieTrackerTests;
			sourceTree = "<group>";
		};
		F6BFB8931C651F730056C268 /* CalorieTrackerUITests */ = {
			isa = PBXGroup;
			children = (
				F6BFB8941C651F730056C268 /* CalorieTrackerUITests.m */,
				F6BFB8961C651F730056C268 /* Info.plist */,
			);
			path = CalorieTrackerUITests;
			sourceTree = "<group>";
		};
/* End PBXGroup section */

/* Begin PBXNativeTarget section */
		F6BFB8681C651F720056C268 /* CalorieTracker */ = {
			isa = PBXNativeTarget;
			buildConfigurationList = F6BFB8991C651F730056C268 /* Build configuration list for PBXNativeTarget "CalorieTracker" */;
			buildPhases = (
				FEB202677AF8942252138B30 /* Check Pods Manifest.lock */,
				F6BFB8651C651F720056C268 /* Sources */,
				F6BFB8661C651F720056C268 /* Frameworks */,
				F6BFB8671C651F720056C268 /* Resources */,
				EDCEC47C58D762C5B3F22846 /* Embed Pods Frameworks */,
				D81731A8C5B3FC2976A8232B /* Copy Pods Resources */,
			);
			buildRules = (
			);
			dependencies = (
			);
			name = CalorieTracker;
			productName = CalorieTracker;
			productReference = F6BFB8691C651F720056C268 /* CalorieTracker.app */;
			productType = "com.apple.product-type.application";
		};
		F6BFB8841C651F730056C268 /* CalorieTrackerTests */ = {
			isa = PBXNativeTarget;
			buildConfigurationList = F6BFB89C1C651F730056C268 /* Build configuration list for PBXNativeTarget "CalorieTrackerTests" */;
			buildPhases = (
				F6BFB8811C651F730056C268 /* Sources */,
				F6BFB8821C651F730056C268 /* Frameworks */,
				F6BFB8831C651F730056C268 /* Resources */,
			);
			buildRules = (
			);
			dependencies = (
				F6BFB8871C651F730056C268 /* PBXTargetDependency */,
			);
			name = CalorieTrackerTests;
			productName = CalorieTrackerTests;
			productReference = F6BFB8851C651F730056C268 /* CalorieTrackerTests.xctest */;
			productType = "com.apple.product-type.bundle.unit-test";
		};
		F6BFB88F1C651F730056C268 /* CalorieTrackerUITests */ = {
			isa = PBXNativeTarget;
			buildConfigurationList = F6BFB89F1C651F730056C268 /* Build configuration list for PBXNativeTarget "CalorieTrackerUITests" */;
			buildPhases = (
				F6BFB88C1C651F730056C268 /* Sources */,
				F6BFB88D1C651F730056C268 /* Frameworks */,
				F6BFB88E1C651F730056C268 /* Resources */,
			);
			buildRules = (
			);
			dependencies = (
				F6BFB8921C651F730056C268 /* PBXTargetDependency */,
			);
			name = CalorieTrackerUITests;
			productName = CalorieTrackerUITests;
			productReference = F6BFB8901C651F730056C268 /* CalorieTrackerUITests.xctest */;
			productType = "com.apple.product-type.bundle.ui-testing";
		};
/* End PBXNativeTarget section */

/* Begin PBXProject section */
		F6BFB8611C651F720056C268 /* Project object */ = {
			isa = PBXProject;
			attributes = {
				LastUpgradeCheck = 0720;
				ORGANIZATIONNAME = TouchTap;
				TargetAttributes = {
					F6BFB8681C651F720056C268 = {
						CreatedOnToolsVersion = 7.2;
					};
					F6BFB8841C651F730056C268 = {
						CreatedOnToolsVersion = 7.2;
						TestTargetID = F6BFB8681C651F720056C268;
					};
					F6BFB88F1C651F730056C268 = {
						CreatedOnToolsVersion = 7.2;
						TestTargetID = F6BFB8681C651F720056C268;
					};
				};
			};
			buildConfigurationList = F6BFB8641C651F720056C268 /* Build configuration list for PBXProject "CalorieTracker" */;
			compatibilityVersion = "Xcode 3.2";
			developmentRegion = English;
			hasScannedForEncodings = 0;
			knownRegions = (
				en,
				Base,
			);
			mainGroup = F6BFB8601C651F720056C268;
			productRefGroup = F6BFB86A1C651F720056C268 /* Products */;
			projectDirPath = "";
			projectRoot = "";
			targets = (
				F6BFB8681C651F720056C268 /* CalorieTracker */,
				F6BFB8841C651F730056C268 /* CalorieTrackerTests */,
				F6BFB88F1C651F730056C268 /* CalorieTrackerUITests */,
			);
		};
/* End PBXProject section */

/* Begin PBXResourcesBuildPhase section */
		F6BFB8671C651F720056C268 /* Resources */ = {
			isa = PBXResourcesBuildPhase;
			buildActionMask = 2147483647;
			files = (
				F6BFB87F1C651F720056C268 /* LaunchScreen.storyboard in Resources */,
				F6BFB87C1C651F720056C268 /* Assets.xcassets in Resources */,
				2741ABFC1CA438110006D035 /* CustomFoodCell.xib in Resources */,
				F6BFB8771C651F720056C268 /* Main.storyboard in Resources */,
			);
			runOnlyForDeploymentPostprocessing = 0;
		};
		F6BFB8831C651F730056C268 /* Resources */ = {
			isa = PBXResourcesBuildPhase;
			buildActionMask = 2147483647;
			files = (
			);
			runOnlyForDeploymentPostprocessing = 0;
		};
		F6BFB88E1C651F730056C268 /* Resources */ = {
			isa = PBXResourcesBuildPhase;
			buildActionMask = 2147483647;
			files = (
			);
			runOnlyForDeploymentPostprocessing = 0;
		};
/* End PBXResourcesBuildPhase section */

/* Begin PBXShellScriptBuildPhase section */
		D81731A8C5B3FC2976A8232B /* Copy Pods Resources */ = {
			isa = PBXShellScriptBuildPhase;
			buildActionMask = 2147483647;
			files = (
			);
			inputPaths = (
			);
			name = "Copy Pods Resources";
			outputPaths = (
			);
			runOnlyForDeploymentPostprocessing = 0;
			shellPath = /bin/sh;
			shellScript = "\"${SRCROOT}/Pods/Target Support Files/Pods-CalorieTracker/Pods-CalorieTracker-resources.sh\"\n";
			showEnvVarsInLog = 0;
		};
		EDCEC47C58D762C5B3F22846 /* Embed Pods Frameworks */ = {
			isa = PBXShellScriptBuildPhase;
			buildActionMask = 2147483647;
			files = (
			);
			inputPaths = (
			);
			name = "Embed Pods Frameworks";
			outputPaths = (
			);
			runOnlyForDeploymentPostprocessing = 0;
			shellPath = /bin/sh;
			shellScript = "\"${SRCROOT}/Pods/Target Support Files/Pods-CalorieTracker/Pods-CalorieTracker-frameworks.sh\"\n";
			showEnvVarsInLog = 0;
		};
		FEB202677AF8942252138B30 /* Check Pods Manifest.lock */ = {
			isa = PBXShellScriptBuildPhase;
			buildActionMask = 2147483647;
			files = (
			);
			inputPaths = (
			);
			name = "Check Pods Manifest.lock";
			outputPaths = (
			);
			runOnlyForDeploymentPostprocessing = 0;
			shellPath = /bin/sh;
			shellScript = "diff \"${PODS_ROOT}/../Podfile.lock\" \"${PODS_ROOT}/Manifest.lock\" > /dev/null\nif [[ $? != 0 ]] ; then\n    cat << EOM\nerror: The sandbox is not in sync with the Podfile.lock. Run 'pod install' or update your CocoaPods installation.\nEOM\n    exit 1\nfi\n";
			showEnvVarsInLog = 0;
		};
/* End PBXShellScriptBuildPhase section */

/* Begin PBXSourcesBuildPhase section */
		F6BFB8651C651F720056C268 /* Sources */ = {
			isa = PBXSourcesBuildPhase;
			buildActionMask = 2147483647;
			files = (
				2741ABFF1CA439C20006D035 /* FoodsCell.m in Sources */,
				2760BA811CA34F430022B05E /* NutritionViewController.m in Sources */,
				F652C45C1C7E240D003980C4 /* User+CoreDataProperties.m in Sources */,
				F652C4631C7E2439003980C4 /* Dish.m in Sources */,
				F6BFB8741C651F720056C268 /* ViewController.m in Sources */,
				2760BA7E1CA34B470022B05E /* FoodTableViewController.m in Sources */,
				F652C45D1C7E240D003980C4 /* User.m in Sources */,
				F6BFB8711C651F720056C268 /* AppDelegate.m in Sources */,
				84E6D7E11C9F5C8D00C9DC09 /* DiningTableViewController.m in Sources */,
				F652C4691C7E2481003980C4 /* Date.m in Sources */,
				F652C4681C7E2481003980C4 /* Date+CoreDataProperties.m in Sources */,
				F6BFB87A1C651F720056C268 /* CalorieTracker.xcdatamodeld in Sources */,
				F652C4621C7E2439003980C4 /* Dish+CoreDataProperties.m in Sources */,
				F6BFB86E1C651F720056C268 /* main.m in Sources */,
			);
			runOnlyForDeploymentPostprocessing = 0;
		};
		F6BFB8811C651F730056C268 /* Sources */ = {
			isa = PBXSourcesBuildPhase;
			buildActionMask = 2147483647;
			files = (
				84886E621C80D7D6002C1683 /* UserTest.m in Sources */,
				F6BFB88A1C651F730056C268 /* CalorieTrackerTests.m in Sources */,
				84886E601C80D7B3002C1683 /* DateTest.m in Sources */,
				F652C46C1C7E28F7003980C4 /* DishTest.m in Sources */,
			);
			runOnlyForDeploymentPostprocessing = 0;
		};
		F6BFB88C1C651F730056C268 /* Sources */ = {
			isa = PBXSourcesBuildPhase;
			buildActionMask = 2147483647;
			files = (
				F6BFB8951C651F730056C268 /* CalorieTrackerUITests.m in Sources */,
			);
			runOnlyForDeploymentPostprocessing = 0;
		};
/* End PBXSourcesBuildPhase section */

/* Begin PBXTargetDependency section */
		F6BFB8871C651F730056C268 /* PBXTargetDependency */ = {
			isa = PBXTargetDependency;
			target = F6BFB8681C651F720056C268 /* CalorieTracker */;
			targetProxy = F6BFB8861C651F730056C268 /* PBXContainerItemProxy */;
		};
		F6BFB8921C651F730056C268 /* PBXTargetDependency */ = {
			isa = PBXTargetDependency;
			target = F6BFB8681C651F720056C268 /* CalorieTracker */;
			targetProxy = F6BFB8911C651F730056C268 /* PBXContainerItemProxy */;
		};
/* End PBXTargetDependency section */

/* Begin PBXVariantGroup section */
		F6BFB8751C651F720056C268 /* Main.storyboard */ = {
			isa = PBXVariantGroup;
			children = (
				F6BFB8761C651F720056C268 /* Base */,
			);
			name = Main.storyboard;
			sourceTree = "<group>";
		};
		F6BFB87D1C651F720056C268 /* LaunchScreen.storyboard */ = {
			isa = PBXVariantGroup;
			children = (
				F6BFB87E1C651F720056C268 /* Base */,
			);
			name = LaunchScreen.storyboard;
			sourceTree = "<group>";
		};
/* End PBXVariantGroup section */

/* Begin XCBuildConfiguration section */
		F6BFB8971C651F730056C268 /* Debug */ = {
			isa = XCBuildConfiguration;
			buildSettings = {
				ALWAYS_SEARCH_USER_PATHS = NO;
				CLANG_CXX_LANGUAGE_STANDARD = "gnu++0x";
				CLANG_CXX_LIBRARY = "libc++";
				CLANG_ENABLE_MODULES = YES;
				CLANG_ENABLE_OBJC_ARC = YES;
				CLANG_WARN_BOOL_CONVERSION = YES;
				CLANG_WARN_CONSTANT_CONVERSION = YES;
				CLANG_WARN_DIRECT_OBJC_ISA_USAGE = YES_ERROR;
				CLANG_WARN_EMPTY_BODY = YES;
				CLANG_WARN_ENUM_CONVERSION = YES;
				CLANG_WARN_INT_CONVERSION = YES;
				CLANG_WARN_OBJC_ROOT_CLASS = YES_ERROR;
				CLANG_WARN_UNREACHABLE_CODE = YES;
				CLANG_WARN__DUPLICATE_METHOD_MATCH = YES;
				"CODE_SIGN_IDENTITY[sdk=iphoneos*]" = "iPhone Developer";
				COPY_PHASE_STRIP = NO;
				DEBUG_INFORMATION_FORMAT = dwarf;
				ENABLE_STRICT_OBJC_MSGSEND = YES;
				ENABLE_TESTABILITY = YES;
				GCC_C_LANGUAGE_STANDARD = gnu99;
				GCC_DYNAMIC_NO_PIC = NO;
				GCC_NO_COMMON_BLOCKS = YES;
				GCC_OPTIMIZATION_LEVEL = 0;
				GCC_PREPROCESSOR_DEFINITIONS = (
					"DEBUG=1",
					"$(inherited)",
				);
				GCC_WARN_64_TO_32_BIT_CONVERSION = YES;
				GCC_WARN_ABOUT_RETURN_TYPE = YES_ERROR;
				GCC_WARN_UNDECLARED_SELECTOR = YES;
				GCC_WARN_UNINITIALIZED_AUTOS = YES_AGGRESSIVE;
				GCC_WARN_UNUSED_FUNCTION = YES;
				GCC_WARN_UNUSED_VARIABLE = YES;
				IPHONEOS_DEPLOYMENT_TARGET = 9.2;
				MTL_ENABLE_DEBUG_INFO = YES;
				ONLY_ACTIVE_ARCH = YES;
				SDKROOT = iphoneos;
			};
			name = Debug;
		};
		F6BFB8981C651F730056C268 /* Release */ = {
			isa = XCBuildConfiguration;
			buildSettings = {
				ALWAYS_SEARCH_USER_PATHS = NO;
				CLANG_CXX_LANGUAGE_STANDARD = "gnu++0x";
				CLANG_CXX_LIBRARY = "libc++";
				CLANG_ENABLE_MODULES = YES;
				CLANG_ENABLE_OBJC_ARC = YES;
				CLANG_WARN_BOOL_CONVERSION = YES;
				CLANG_WARN_CONSTANT_CONVERSION = YES;
				CLANG_WARN_DIRECT_OBJC_ISA_USAGE = YES_ERROR;
				CLANG_WARN_EMPTY_BODY = YES;
				CLANG_WARN_ENUM_CONVERSION = YES;
				CLANG_WARN_INT_CONVERSION = YES;
				CLANG_WARN_OBJC_ROOT_CLASS = YES_ERROR;
				CLANG_WARN_UNREACHABLE_CODE = YES;
				CLANG_WARN__DUPLICATE_METHOD_MATCH = YES;
				"CODE_SIGN_IDENTITY[sdk=iphoneos*]" = "iPhone Developer";
				COPY_PHASE_STRIP = NO;
				DEBUG_INFORMATION_FORMAT = "dwarf-with-dsym";
				ENABLE_NS_ASSERTIONS = NO;
				ENABLE_STRICT_OBJC_MSGSEND = YES;
				GCC_C_LANGUAGE_STANDARD = gnu99;
				GCC_NO_COMMON_BLOCKS = YES;
				GCC_WARN_64_TO_32_BIT_CONVERSION = YES;
				GCC_WARN_ABOUT_RETURN_TYPE = YES_ERROR;
				GCC_WARN_UNDECLARED_SELECTOR = YES;
				GCC_WARN_UNINITIALIZED_AUTOS = YES_AGGRESSIVE;
				GCC_WARN_UNUSED_FUNCTION = YES;
				GCC_WARN_UNUSED_VARIABLE = YES;
				IPHONEOS_DEPLOYMENT_TARGET = 9.2;
				MTL_ENABLE_DEBUG_INFO = NO;
				SDKROOT = iphoneos;
				VALIDATE_PRODUCT = YES;
			};
			name = Release;
		};
		F6BFB89A1C651F730056C268 /* Debug */ = {
			isa = XCBuildConfiguration;
			baseConfigurationReference = 8D11EDB550C48A2D33855C77 /* Pods-CalorieTracker.debug.xcconfig */;
			buildSettings = {
				ASSETCATALOG_COMPILER_APPICON_NAME = AppIcon;
				INFOPLIST_FILE = CalorieTracker/Info.plist;
				LD_RUNPATH_SEARCH_PATHS = "$(inherited) @executable_path/Frameworks";
				PRODUCT_BUNDLE_IDENTIFIER = com.TT.CalorieTracker;
				PRODUCT_NAME = "$(TARGET_NAME)";
			};
			name = Debug;
		};
		F6BFB89B1C651F730056C268 /* Release */ = {
			isa = XCBuildConfiguration;
			baseConfigurationReference = 4310C0EE1C47F7C95922C411 /* Pods-CalorieTracker.release.xcconfig */;
			buildSettings = {
				ASSETCATALOG_COMPILER_APPICON_NAME = AppIcon;
				INFOPLIST_FILE = CalorieTracker/Info.plist;
				LD_RUNPATH_SEARCH_PATHS = "$(inherited) @executable_path/Frameworks";
				PRODUCT_BUNDLE_IDENTIFIER = com.TT.CalorieTracker;
				PRODUCT_NAME = "$(TARGET_NAME)";
			};
			name = Release;
		};
		F6BFB89D1C651F730056C268 /* Debug */ = {
			isa = XCBuildConfiguration;
			buildSettings = {
				BUNDLE_LOADER = "$(TEST_HOST)";
				INFOPLIST_FILE = CalorieTrackerTests/Info.plist;
				LD_RUNPATH_SEARCH_PATHS = "$(inherited) @executable_path/Frameworks @loader_path/Frameworks";
				PRODUCT_BUNDLE_IDENTIFIER = com.TT.CalorieTrackerTests;
				PRODUCT_NAME = "$(TARGET_NAME)";
				TEST_HOST = "$(BUILT_PRODUCTS_DIR)/CalorieTracker.app/CalorieTracker";
			};
			name = Debug;
		};
		F6BFB89E1C651F730056C268 /* Release */ = {
			isa = XCBuildConfiguration;
			buildSettings = {
				BUNDLE_LOADER = "$(TEST_HOST)";
				INFOPLIST_FILE = CalorieTrackerTests/Info.plist;
				LD_RUNPATH_SEARCH_PATHS = "$(inherited) @executable_path/Frameworks @loader_path/Frameworks";
				PRODUCT_BUNDLE_IDENTIFIER = com.TT.CalorieTrackerTests;
				PRODUCT_NAME = "$(TARGET_NAME)";
				TEST_HOST = "$(BUILT_PRODUCTS_DIR)/CalorieTracker.app/CalorieTracker";
			};
			name = Release;
		};
		F6BFB8A01C651F730056C268 /* Debug */ = {
			isa = XCBuildConfiguration;
			buildSettings = {
				INFOPLIST_FILE = CalorieTrackerUITests/Info.plist;
				LD_RUNPATH_SEARCH_PATHS = "$(inherited) @executable_path/Frameworks @loader_path/Frameworks";
				PRODUCT_BUNDLE_IDENTIFIER = com.TT.CalorieTrackerUITests;
				PRODUCT_NAME = "$(TARGET_NAME)";
				TEST_TARGET_NAME = CalorieTracker;
				USES_XCTRUNNER = YES;
			};
			name = Debug;
		};
		F6BFB8A11C651F730056C268 /* Release */ = {
			isa = XCBuildConfiguration;
			buildSettings = {
				INFOPLIST_FILE = CalorieTrackerUITests/Info.plist;
				LD_RUNPATH_SEARCH_PATHS = "$(inherited) @executable_path/Frameworks @loader_path/Frameworks";
				PRODUCT_BUNDLE_IDENTIFIER = com.TT.CalorieTrackerUITests;
				PRODUCT_NAME = "$(TARGET_NAME)";
				TEST_TARGET_NAME = CalorieTracker;
				USES_XCTRUNNER = YES;
			};
			name = Release;
		};
/* End XCBuildConfiguration section */

/* Begin XCConfigurationList section */
		F6BFB8641C651F720056C268 /* Build configuration list for PBXProject "CalorieTracker" */ = {
			isa = XCConfigurationList;
			buildConfigurations = (
				F6BFB8971C651F730056C268 /* Debug */,
				F6BFB8981C651F730056C268 /* Release */,
			);
			defaultConfigurationIsVisible = 0;
			defaultConfigurationName = Release;
		};
		F6BFB8991C651F730056C268 /* Build configuration list for PBXNativeTarget "CalorieTracker" */ = {
			isa = XCConfigurationList;
			buildConfigurations = (
				F6BFB89A1C651F730056C268 /* Debug */,
				F6BFB89B1C651F730056C268 /* Release */,
			);
			defaultConfigurationIsVisible = 0;
			defaultConfigurationName = Release;
		};
		F6BFB89C1C651F730056C268 /* Build configuration list for PBXNativeTarget "CalorieTrackerTests" */ = {
			isa = XCConfigurationList;
			buildConfigurations = (
				F6BFB89D1C651F730056C268 /* Debug */,
				F6BFB89E1C651F730056C268 /* Release */,
			);
			defaultConfigurationIsVisible = 0;
			defaultConfigurationName = Release;
		};
		F6BFB89F1C651F730056C268 /* Build configuration list for PBXNativeTarget "CalorieTrackerUITests" */ = {
			isa = XCConfigurationList;
			buildConfigurations = (
				F6BFB8A01C651F730056C268 /* Debug */,
				F6BFB8A11C651F730056C268 /* Release */,
			);
			defaultConfigurationIsVisible = 0;
			defaultConfigurationName = Release;
		};
/* End XCConfigurationList section */

/* Begin XCVersionGroup section */
		F6BFB8781C651F720056C268 /* CalorieTracker.xcdatamodeld */ = {
			isa = XCVersionGroup;
			children = (
				F6BFB8791C651F720056C268 /* CalorieTracker.xcdatamodel */,
			);
			currentVersion = F6BFB8791C651F720056C268 /* CalorieTracker.xcdatamodel */;
			path = CalorieTracker.xcdatamodeld;
			sourceTree = "<group>";
			versionGroupType = wrapper.xcdatamodel;
		};
/* End XCVersionGroup section */
	};
	rootObject = F6BFB8611C651F720056C268 /* Project object */;
}
